{
  "nodes": {
    "nixpkgs": {
      "locked": {
        "lastModified": 1737468268,
        "narHash": "sha256-F/9VOBp/mRsRmagc9pay2+9lH6PspOn0/ujJslh8meE=",
        "owner": "NixOS",
        "repo": "nixpkgs",
        "rev": "d9fe0634ac87d68bf22cd4efbb4c27f751d707a7",
        "type": "github"
      },
      "original": {
        "owner": "NixOS",
        "repo": "nixpkgs",
        "type": "github"
      }
    },
    "root": {
      "inputs": {
        "nixpkgs": "nixpkgs"
      }
    }
  },
  "root": "root",
  "version": 7
}
