{
  "nodes": {
    "nixpkgs": {
      "locked": {
        "lastModified": 1736185274,
        "narHash": "sha256-1Mzt5r39xKT1d/d+iPkUmk7v3/qFhITkXGCrbjf1GAM=",
        "owner": "NixOS",
        "repo": "nixpkgs",
        "rev": "53d5113debb7e15c41eec470f602b6b01f60d09b",
        "type": "github"
      },
      "original": {
        "owner": "NixOS",
        "repo": "nixpkgs",
        "type": "github"
      }
    },
    "root": {
      "inputs": {
        "nixpkgs": "nixpkgs"
      }
    }
  },
  "root": "root",
  "version": 7
}
