{
  "nodes": {
    "nixpkgs": {
      "locked": {
        "lastModified": 1736123622,
        "narHash": "sha256-Jxxd6bnbKtvZHErCV7pHIZY8B5OVyq4caPIumab4DfU=",
        "owner": "NixOS",
        "repo": "nixpkgs",
        "rev": "5a58822a184375fbca4df768705fd5349916a5f5",
        "type": "github"
      },
      "original": {
        "owner": "NixOS",
        "repo": "nixpkgs",
        "type": "github"
      }
    },
    "root": {
      "inputs": {
        "nixpkgs": "nixpkgs"
      }
    }
  },
  "root": "root",
  "version": 7
}
